
Microsoft Visual Studio Solution File, Format Version 12.00
# Visual Studio 15
Project("{FAE04EC0-301F-11D3-BF4B-00C04F79EFBC}") = "DataStructureNew", "DataStructureNew\DataStructureNew.csproj", "{7A63C3DA-D9ED-4C6C-871F-A42689318482}"
EndProject
Project("{FAE04EC0-301F-11D3-BF4B-00C04F79EFBC}") = "TestsLists", "TestsLists\TestsLists.csproj", "{92C7CEDC-7BEB-43BC-B705-8641A83BB2E3}"
EndProject
Global
	GlobalSection(SolutionConfigurationPlatforms) = preSolution
		Debug|Any CPU = Debug|Any CPU
		Release|Any CPU = Release|Any CPU
	EndGlobalSection
	GlobalSection(ProjectConfigurationPlatforms) = postSolution
		{7A63C3DA-D9ED-4C6C-871F-A42689318482}.Debug|Any CPU.ActiveCfg = Debug|Any CPU
		{7A63C3DA-D9ED-4C6C-871F-A42689318482}.Debug|Any CPU.Build.0 = Debug|Any CPU
		{7A63C3DA-D9ED-4C6C-871F-A42689318482}.Release|Any CPU.ActiveCfg = Release|Any CPU
		{7A63C3DA-D9ED-4C6C-871F-A42689318482}.Release|Any CPU.Build.0 = Release|Any CPU
		{92C7CEDC-7BEB-43BC-B705-8641A83BB2E3}.Debug|Any CPU.ActiveCfg = Debug|Any CPU
		{92C7CEDC-7BEB-43BC-B705-8641A83BB2E3}.Debug|Any CPU.Build.0 = Debug|Any CPU
		{92C7CEDC-7BEB-43BC-B705-8641A83BB2E3}.Release|Any CPU.ActiveCfg = Release|Any CPU
		{92C7CEDC-7BEB-43BC-B705-8641A83BB2E3}.Release|Any CPU.Build.0 = Release|Any CPU
	EndGlobalSection
EndGlobal
